{
  "requires": true,
  "lockfileVersion": 1,
  "dependencies": {
    "typescript": {
      "version": "3.8.0-dev.20200128",
      "resolved": "https://registry.npmjs.org/typescript/-/typescript-3.8.0-dev.20200128.tgz",
      "integrity": "sha512-tXJMyrE3xhLDzCN76wZhoV8S1AU5JH40DzrLBAZWfHOgH8X8mCHFwyJ8U6N929vBL78rHmEcowyioUr09/Xvjg=="
    }
  }
}
